// !$*UTF8*$!
{
	archiveVersion = 1;
	classes = {
	};
	objectVersion = 56;
	objects = {

/* Begin PBXBuildFile section */
		0CC2DBFA299C2D8C0036D794 /* CalculatorApp.swift in Sources */ = {isa = PBXBuildFile; fileRef = 0CC2DBF9299C2D8C0036D794 /* CalculatorApp.swift */; };
		0CC2DBFC299C2D8C0036D794 /* CalculatorView.swift in Sources */ = {isa = PBXBuildFile; fileRef = 0CC2DBFB299C2D8C0036D794 /* CalculatorView.swift */; };
		0CC2DBFE299C2D8E0036D794 /* Assets.xcassets in Resources */ = {isa = PBXBuildFile; fileRef = 0CC2DBFD299C2D8E0036D794 /* Assets.xcassets */; };
		0CC2DC01299C2D8E0036D794 /* Preview Assets.xcassets in Resources */ = {isa = PBXBuildFile; fileRef = 0CC2DC00299C2D8E0036D794 /* Preview Assets.xcassets */; };
		0CC2DC0B299C2DE00036D794 /* Calculator.swift in Sources */ = {isa = PBXBuildFile; fileRef = 0CC2DC0A299C2DE00036D794 /* Calculator.swift */; };
		0CC2DC0D299C2DED0036D794 /* CalculatorViewModel.swift in Sources */ = {isa = PBXBuildFile; fileRef = 0CC2DC0C299C2DED0036D794 /* CalculatorViewModel.swift */; };
		0CC2DC0F299C2FF00036D794 /* NumberButton.swift in Sources */ = {isa = PBXBuildFile; fileRef = 0CC2DC0E299C2FF00036D794 /* NumberButton.swift */; };
		0CC2DC11299C304A0036D794 /* OperationButton.swift in Sources */ = {isa = PBXBuildFile; fileRef = 0CC2DC10299C304A0036D794 /* OperationButton.swift */; };
		0CC2DC13299C30770036D794 /* MiscButton.swift in Sources */ = {isa = PBXBuildFile; fileRef = 0CC2DC12299C30770036D794 /* MiscButton.swift */; };
		0CC2DC15299C30810036D794 /* Display.swift in Sources */ = {isa = PBXBuildFile; fileRef = 0CC2DC14299C30810036D794 /* Display.swift */; };
		0CC2DC17299C31680036D794 /* Colors.swift in Sources */ = {isa = PBXBuildFile; fileRef = 0CC2DC16299C31680036D794 /* Colors.swift */; };
/* End PBXBuildFile section */

/* Begin PBXFileReference section */
		0CC2DBF6299C2D8C0036D794 /* Calculator.app */ = {isa = PBXFileReference; explicitFileType = wrapper.application; includeInIndex = 0; path = Calculator.app; sourceTree = BUILT_PRODUCTS_DIR; };
		0CC2DBF9299C2D8C0036D794 /* CalculatorApp.swift */ = {isa = PBXFileReference; lastKnownFileType = sourcecode.swift; path = CalculatorApp.swift; sourceTree = "<group>"; };
		0CC2DBFB299C2D8C0036D794 /* CalculatorView.swift */ = {isa = PBXFileReference; lastKnownFileType = sourcecode.swift; path = CalculatorView.swift; sourceTree = "<group>"; };
		0CC2DBFD299C2D8E0036D794 /* Assets.xcassets */ = {isa = PBXFileReference; lastKnownFileType = folder.assetcatalog; path = Assets.xcassets; sourceTree = "<group>"; };
		0CC2DC00299C2D8E0036D794 /* Preview Assets.xcassets */ = {isa = PBXFileReference; lastKnownFileType = folder.assetcatalog; path = "Preview Assets.xcassets"; sourceTree = "<group>"; };
		0CC2DC0A299C2DE00036D794 /* Calculator.swift */ = {isa = PBXFileReference; lastKnownFileType = sourcecode.swift; path = Calculator.swift; sourceTree = "<group>"; };
		0CC2DC0C299C2DED0036D794 /* CalculatorViewModel.swift */ = {isa = PBXFileReference; lastKnownFileType = sourcecode.swift; path = CalculatorViewModel.swift; sourceTree = "<group>"; };
		0CC2DC0E299C2FF00036D794 /* NumberButton.swift */ = {isa = PBXFileReference; lastKnownFileType = sourcecode.swift; path = NumberButton.swift; sourceTree = "<group>"; };
		0CC2DC10299C304A0036D794 /* OperationButton.swift */ = {isa = PBXFileReference; lastKnownFileType = sourcecode.swift; path = OperationButton.swift; sourceTree = "<group>"; };
		0CC2DC12299C30770036D794 /* MiscButton.swift */ = {isa = PBXFileReference; lastKnownFileType = sourcecode.swift; path = MiscButton.swift; sourceTree = "<group>"; };
		0CC2DC14299C30810036D794 /* Display.swift */ = {isa = PBXFileReference; lastKnownFileType = sourcecode.swift; path = Display.swift; sourceTree = "<group>"; };
		0CC2DC16299C31680036D794 /* Colors.swift */ = {isa = PBXFileReference; lastKnownFileType = sourcecode.swift; path = Colors.swift; sourceTree = "<group>"; };
/* End PBXFileReference section */

/* Begin PBXFrameworksBuildPhase section */
		0CC2DBF3299C2D8C0036D794 /* Frameworks */ = {
			isa = PBXFrameworksBuildPhase;
			buildActionMask = 2147483647;
			files = (
			);
			runOnlyForDeploymentPostprocessing = 0;
		};
/* End PBXFrameworksBuildPhase section */

/* Begin PBXGroup section */
		0CC2DBED299C2D8C0036D794 = {
			isa = PBXGroup;
			children = (
				0CC2DBF8299C2D8C0036D794 /* Calculator */,
				0CC2DBF7299C2D8C0036D794 /* Products */,
			);
			sourceTree = "<group>";
		};
		0CC2DBF7299C2D8C0036D794 /* Products */ = {
			isa = PBXGroup;
			children = (
				0CC2DBF6299C2D8C0036D794 /* Calculator.app */,
			);
			name = Products;
			sourceTree = "<group>";
		};
		0CC2DBF8299C2D8C0036D794 /* Calculator */ = {
			isa = PBXGroup;
			children = (
				0CC2DC09299C2DA30036D794 /* ViewModels */,
				0CC2DC08299C2D9E0036D794 /* Views */,
				0CC2DC07299C2D950036D794 /* Models */,
				0CC2DBF9299C2D8C0036D794 /* CalculatorApp.swift */,
				0CC2DBFD299C2D8E0036D794 /* Assets.xcassets */,
				0CC2DBFF299C2D8E0036D794 /* Preview Content */,
			);
			path = Calculator;
			sourceTree = "<group>";
		};
		0CC2DBFF299C2D8E0036D794 /* Preview Content */ = {
			isa = PBXGroup;
			children = (
				0CC2DC00299C2D8E0036D794 /* Preview Assets.xcassets */,
			);
			path = "Preview Content";
			sourceTree = "<group>";
		};
		0CC2DC07299C2D950036D794 /* Models */ = {
			isa = PBXGroup;
			children = (
				0CC2DC0A299C2DE00036D794 /* Calculator.swift */,
				0CC2DC16299C31680036D794 /* Colors.swift */,
			);
			path = Models;
			sourceTree = "<group>";
		};
		0CC2DC08299C2D9E0036D794 /* Views */ = {
			isa = PBXGroup;
			children = (
				0CC2DBFB299C2D8C0036D794 /* CalculatorView.swift */,
				0CC2DC0E299C2FF00036D794 /* NumberButton.swift */,
				0CC2DC10299C304A0036D794 /* OperationButton.swift */,
				0CC2DC12299C30770036D794 /* MiscButton.swift */,
				0CC2DC14299C30810036D794 /* Display.swift */,
			);
			path = Views;
			sourceTree = "<group>";
		};
		0CC2DC09299C2DA30036D794 /* ViewModels */ = {
			isa = PBXGroup;
			children = (
				0CC2DC0C299C2DED0036D794 /* CalculatorViewModel.swift */,
			);
			path = ViewModels;
			sourceTree = "<group>";
		};
/* End PBXGroup section */

/* Begin PBXNativeTarget section */
		0CC2DBF5299C2D8C0036D794 /* Calculator */ = {
			isa = PBXNativeTarget;
			buildConfigurationList = 0CC2DC04299C2D8E0036D794 /* Build configuration list for PBXNativeTarget "Calculator" */;
			buildPhases = (
				0CC2DBF2299C2D8C0036D794 /* Sources */,
				0CC2DBF3299C2D8C0036D794 /* Frameworks */,
				0CC2DBF4299C2D8C0036D794 /* Resources */,
			);
			buildRules = (
			);
			dependencies = (
			);
			name = Calculator;
			productName = Calculator;
			productReference = 0CC2DBF6299C2D8C0036D794 /* Calculator.app */;
			productType = "com.apple.product-type.application";
		};
/* End PBXNativeTarget section */

/* Begin PBXProject section */
		0CC2DBEE299C2D8C0036D794 /* Project object */ = {
			isa = PBXProject;
			attributes = {
				BuildIndependentTargetsInParallel = 1;
				LastSwiftUpdateCheck = 1420;
				LastUpgradeCheck = 1420;
				TargetAttributes = {
					0CC2DBF5299C2D8C0036D794 = {
						CreatedOnToolsVersion = 14.2;
					};
				};
			};
			buildConfigurationList = 0CC2DBF1299C2D8C0036D794 /* Build configuration list for PBXProject "Calculator" */;
			compatibilityVersion = "Xcode 14.0";
			developmentRegion = en;
			hasScannedForEncodings = 0;
			knownRegions = (
				en,
				Base,
			);
			mainGroup = 0CC2DBED299C2D8C0036D794;
			productRefGroup = 0CC2DBF7299C2D8C0036D794 /* Products */;
			projectDirPath = "";
			projectRoot = "";
			targets = (
				0CC2DBF5299C2D8C0036D794 /* Calculator */,
			);
		};
/* End PBXProject section */

/* Begin PBXResourcesBuildPhase section */
		0CC2DBF4299C2D8C0036D794 /* Resources */ = {
			isa = PBXResourcesBuildPhase;
			buildActionMask = 2147483647;
			files = (
				0CC2DC01299C2D8E0036D794 /* Preview Assets.xcassets in Resources */,
				0CC2DBFE299C2D8E0036D794 /* Assets.xcassets in Resources */,
			);
			runOnlyForDeploymentPostprocessing = 0;
		};
/* End PBXResourcesBuildPhase section */

/* Begin PBXSourcesBuildPhase section */
		0CC2DBF2299C2D8C0036D794 /* Sources */ = {
			isa = PBXSourcesBuildPhase;
			buildActionMask = 2147483647;
			files = (
				0CC2DBFC299C2D8C0036D794 /* CalculatorView.swift in Sources */,
				0CC2DC17299C31680036D794 /* Colors.swift in Sources */,
				0CC2DBFA299C2D8C0036D794 /* CalculatorApp.swift in Sources */,
				0CC2DC0D299C2DED0036D794 /* CalculatorViewModel.swift in Sources */,
				0CC2DC11299C304A0036D794 /* OperationButton.swift in Sources */,
				0CC2DC0F299C2FF00036D794 /* NumberButton.swift in Sources */,
				0CC2DC0B299C2DE00036D794 /* Calculator.swift in Sources */,
				0CC2DC15299C30810036D794 /* Display.swift in Sources */,
				0CC2DC13299C30770036D794 /* MiscButton.swift in Sources */,
			);
			runOnlyForDeploymentPostprocessing = 0;
		};
/* End PBXSourcesBuildPhase section */

/* Begin XCBuildConfiguration section */
		0CC2DC02299C2D8E0036D794 /* Debug */ = {
			isa = XCBuildConfiguration;
			buildSettings = {
				ALWAYS_SEARCH_USER_PATHS = NO;
				CLANG_ANALYZER_NONNULL = YES;
				CLANG_ANALYZER_NUMBER_OBJECT_CONVERSION = YES_AGGRESSIVE;
				CLANG_CXX_LANGUAGE_STANDARD = "gnu++20";
				CLANG_ENABLE_MODULES = YES;
				CLANG_ENABLE_OBJC_ARC = YES;
				CLANG_ENABLE_OBJC_WEAK = YES;
				CLANG_WARN_BLOCK_CAPTURE_AUTORELEASING = YES;
				CLANG_WARN_BOOL_CONVERSION = YES;
				CLANG_WARN_COMMA = YES;
				CLANG_WARN_CONSTANT_CONVERSION = YES;
				CLANG_WARN_DEPRECATED_OBJC_IMPLEMENTATIONS = YES;
				CLANG_WARN_DIRECT_OBJC_ISA_USAGE = YES_ERROR;
				CLANG_WARN_DOCUMENTATION_COMMENTS = YES;
				CLANG_WARN_EMPTY_BODY = YES;
				CLANG_WARN_ENUM_CONVERSION = YES;
				CLANG_WARN_INFINITE_RECURSION = YES;
				CLANG_WARN_INT_CONVERSION = YES;
				CLANG_WARN_NON_LITERAL_NULL_CONVERSION = YES;
				CLANG_WARN_OBJC_IMPLICIT_RETAIN_SELF = YES;
				CLANG_WARN_OBJC_LITERAL_CONVERSION = YES;
				CLANG_WARN_OBJC_ROOT_CLASS = YES_ERROR;
				CLANG_WARN_QUOTED_INCLUDE_IN_FRAMEWORK_HEADER = YES;
				CLANG_WARN_RANGE_LOOP_ANALYSIS = YES;
				CLANG_WARN_STRICT_PROTOTYPES = YES;
				CLANG_WARN_SUSPICIOUS_MOVE = YES;
				CLANG_WARN_UNGUARDED_AVAILABILITY = YES_AGGRESSIVE;
				CLANG_WARN_UNREACHABLE_CODE = YES;
				CLANG_WARN__DUPLICATE_METHOD_MATCH = YES;
				COPY_PHASE_STRIP = NO;
				DEBUG_INFORMATION_FORMAT = dwarf;
				ENABLE_STRICT_OBJC_MSGSEND = YES;
				ENABLE_TESTABILITY = YES;
				GCC_C_LANGUAGE_STANDARD = gnu11;
				GCC_DYNAMIC_NO_PIC = NO;
				GCC_NO_COMMON_BLOCKS = YES;
				GCC_OPTIMIZATION_LEVEL = 0;
				GCC_PREPROCESSOR_DEFINITIONS = (
					"DEBUG=1",
					"$(inherited)",
				);
				GCC_WARN_64_TO_32_BIT_CONVERSION = YES;
				GCC_WARN_ABOUT_RETURN_TYPE = YES_ERROR;
				GCC_WARN_UNDECLARED_SELECTOR = YES;
				GCC_WARN_UNINITIALIZED_AUTOS = YES_AGGRESSIVE;
				GCC_WARN_UNUSED_FUNCTION = YES;
				GCC_WARN_UNUSED_VARIABLE = YES;
				IPHONEOS_DEPLOYMENT_TARGET = 16.2;
				MTL_ENABLE_DEBUG_INFO = INCLUDE_SOURCE;
				MTL_FAST_MATH = YES;
				ONLY_ACTIVE_ARCH = YES;
				SDKROOT = iphoneos;
				SWIFT_ACTIVE_COMPILATION_CONDITIONS = DEBUG;
				SWIFT_OPTIMIZATION_LEVEL = "-Onone";
			};
			name = Debug;
		};
		0CC2DC03299C2D8E0036D794 /* Release */ = {
			isa = XCBuildConfiguration;
			buildSettings = {
				ALWAYS_SEARCH_USER_PATHS = NO;
				CLANG_ANALYZER_NONNULL = YES;
				CLANG_ANALYZER_NUMBER_OBJECT_CONVERSION = YES_AGGRESSIVE;
				CLANG_CXX_LANGUAGE_STANDARD = "gnu++20";
				CLANG_ENABLE_MODULES = YES;
				CLANG_ENABLE_OBJC_ARC = YES;
				CLANG_ENABLE_OBJC_WEAK = YES;
				CLANG_WARN_BLOCK_CAPTURE_AUTORELEASING = YES;
				CLANG_WARN_BOOL_CONVERSION = YES;
				CLANG_WARN_COMMA = YES;
				CLANG_WARN_CONSTANT_CONVERSION = YES;
				CLANG_WARN_DEPRECATED_OBJC_IMPLEMENTATIONS = YES;
				CLANG_WARN_DIRECT_OBJC_ISA_USAGE = YES_ERROR;
				CLANG_WARN_DOCUMENTATION_COMMENTS = YES;
				CLANG_WARN_EMPTY_BODY = YES;
				CLANG_WARN_ENUM_CONVERSION = YES;
				CLANG_WARN_INFINITE_RECURSION = YES;
				CLANG_WARN_INT_CONVERSION = YES;
				CLANG_WARN_NON_LITERAL_NULL_CONVERSION = YES;
				CLANG_WARN_OBJC_IMPLICIT_RETAIN_SELF = YES;
				CLANG_WARN_OBJC_LITERAL_CONVERSION = YES;
				CLANG_WARN_OBJC_ROOT_CLASS = YES_ERROR;
				CLANG_WARN_QUOTED_INCLUDE_IN_FRAMEWORK_HEADER = YES;
				CLANG_WARN_RANGE_LOOP_ANALYSIS = YES;
				CLANG_WARN_STRICT_PROTOTYPES = YES;
				CLANG_WARN_SUSPICIOUS_MOVE = YES;
				CLANG_WARN_UNGUARDED_AVAILABILITY = YES_AGGRESSIVE;
				CLANG_WARN_UNREACHABLE_CODE = YES;
				CLANG_WARN__DUPLICATE_METHOD_MATCH = YES;
				COPY_PHASE_STRIP = NO;
				DEBUG_INFORMATION_FORMAT = "dwarf-with-dsym";
				ENABLE_NS_ASSERTIONS = NO;
				ENABLE_STRICT_OBJC_MSGSEND = YES;
				GCC_C_LANGUAGE_STANDARD = gnu11;
				GCC_NO_COMMON_BLOCKS = YES;
				GCC_WARN_64_TO_32_BIT_CONVERSION = YES;
				GCC_WARN_ABOUT_RETURN_TYPE = YES_ERROR;
				GCC_WARN_UNDECLARED_SELECTOR = YES;
				GCC_WARN_UNINITIALIZED_AUTOS = YES_AGGRESSIVE;
				GCC_WARN_UNUSED_FUNCTION = YES;
				GCC_WARN_UNUSED_VARIABLE = YES;
				IPHONEOS_DEPLOYMENT_TARGET = 16.2;
				MTL_ENABLE_DEBUG_INFO = NO;
				MTL_FAST_MATH = YES;
				SDKROOT = iphoneos;
				SWIFT_COMPILATION_MODE = wholemodule;
				SWIFT_OPTIMIZATION_LEVEL = "-O";
				VALIDATE_PRODUCT = YES;
			};
			name = Release;
		};
		0CC2DC05299C2D8E0036D794 /* Debug */ = {
			isa = XCBuildConfiguration;
			buildSettings = {
				ASSETCATALOG_COMPILER_APPICON_NAME = AppIcon;
				ASSETCATALOG_COMPILER_GLOBAL_ACCENT_COLOR_NAME = AccentColor;
				CODE_SIGN_STYLE = Automatic;
				CURRENT_PROJECT_VERSION = 1;
				DEVELOPMENT_ASSET_PATHS = "\"Calculator/Preview Content\"";
				DEVELOPMENT_TEAM = ZZFFNDQQPH;
				ENABLE_PREVIEWS = YES;
				GENERATE_INFOPLIST_FILE = YES;
				INFOPLIST_KEY_UIApplicationSceneManifest_Generation = YES;
				INFOPLIST_KEY_UIApplicationSupportsIndirectInputEvents = YES;
				INFOPLIST_KEY_UILaunchScreen_Generation = YES;
				INFOPLIST_KEY_UISupportedInterfaceOrientations_iPad = "UIInterfaceOrientationPortrait UIInterfaceOrientationPortraitUpsideDown UIInterfaceOrientationLandscapeLeft UIInterfaceOrientationLandscapeRight";
				INFOPLIST_KEY_UISupportedInterfaceOrientations_iPhone = "UIInterfaceOrientationPortrait UIInterfaceOrientationLandscapeLeft UIInterfaceOrientationLandscapeRight";
				LD_RUNPATH_SEARCH_PATHS = (
					"$(inherited)",
					"@executable_path/Frameworks",
				);
				MARKETING_VERSION = 1.0;
				PRODUCT_BUNDLE_IDENTIFIER = com.Noah.Calculator;
				PRODUCT_NAME = "$(TARGET_NAME)";
				SWIFT_EMIT_LOC_STRINGS = YES;
				SWIFT_VERSION = 5.0;
				TARGETED_DEVICE_FAMILY = "1,2";
			};
			name = Debug;
		};
		0CC2DC06299C2D8E0036D794 /* Release */ = {
			isa = XCBuildConfiguration;
			buildSettings = {
				ASSETCATALOG_COMPILER_APPICON_NAME = AppIcon;
				ASSETCATALOG_COMPILER_GLOBAL_ACCENT_COLOR_NAME = AccentColor;
				CODE_SIGN_STYLE = Automatic;
				CURRENT_PROJECT_VERSION = 1;
				DEVELOPMENT_ASSET_PATHS = "\"Calculator/Preview Content\"";
				DEVELOPMENT_TEAM = ZZFFNDQQPH;
				ENABLE_PREVIEWS = YES;
				GENERATE_INFOPLIST_FILE = YES;
				INFOPLIST_KEY_UIApplicationSceneManifest_Generation = YES;
				INFOPLIST_KEY_UIApplicationSupportsIndirectInputEvents = YES;
				INFOPLIST_KEY_UILaunchScreen_Generation = YES;
				INFOPLIST_KEY_UISupportedInterfaceOrientations_iPad = "UIInterfaceOrientationPortrait UIInterfaceOrientationPortraitUpsideDown UIInterfaceOrientationLandscapeLeft UIInterfaceOrientationLandscapeRight";
				INFOPLIST_KEY_UISupportedInterfaceOrientations_iPhone = "UIInterfaceOrientationPortrait UIInterfaceOrientationLandscapeLeft UIInterfaceOrientationLandscapeRight";
				LD_RUNPATH_SEARCH_PATHS = (
					"$(inherited)",
					"@executable_path/Frameworks",
				);
				MARKETING_VERSION = 1.0;
				PRODUCT_BUNDLE_IDENTIFIER = com.Noah.Calculator;
				PRODUCT_NAME = "$(TARGET_NAME)";
				SWIFT_EMIT_LOC_STRINGS = YES;
				SWIFT_VERSION = 5.0;
				TARGETED_DEVICE_FAMILY = "1,2";
			};
			name = Release;
		};
/* End XCBuildConfiguration section */

/* Begin XCConfigurationList section */
		0CC2DBF1299C2D8C0036D794 /* Build configuration list for PBXProject "Calculator" */ = {
			isa = XCConfigurationList;
			buildConfigurations = (
				0CC2DC02299C2D8E0036D794 /* Debug */,
				0CC2DC03299C2D8E0036D794 /* Release */,
			);
			defaultConfigurationIsVisible = 0;
			defaultConfigurationName = Release;
		};
		0CC2DC04299C2D8E0036D794 /* Build configuration list for PBXNativeTarget "Calculator" */ = {
			isa = XCConfigurationList;
			buildConfigurations = (
				0CC2DC05299C2D8E0036D794 /* Debug */,
				0CC2DC06299C2D8E0036D794 /* Release */,
			);
			defaultConfigurationIsVisible = 0;
			defaultConfigurationName = Release;
		};
/* End XCConfigurationList section */
	};
	rootObject = 0CC2DBEE299C2D8C0036D794 /* Project object */;
}
